
Microsoft Visual Studio Solution File, Format Version 12.00
# Visual Studio Version 17
VisualStudioVersion = 17.10.35122.118
MinimumVisualStudioVersion = 10.0.40219.1
Project("{FAE04EC0-301F-11D3-BF4B-00C04F79EFBC}") = "ListaLigada.Ui.Consola", "ListaLigada.Ui.Consola\ListaLigada.Ui.Consola.csproj", "{8007A146-2801-4926-A5CF-4F0716377445}"
EndProject
Project("{FAE04EC0-301F-11D3-BF4B-00C04F79EFBC}") = "ListaLigada.Logica", "ListaLigada.Logica\ListaLigada.Logica.csproj", "{A9BBBF55-E153-4C8B-B0B3-2265DE013F9B}"
EndProject
Global
	GlobalSection(SolutionConfigurationPlatforms) = preSolution
		Debug|Any CPU = Debug|Any CPU
		Release|Any CPU = Release|Any CPU
	EndGlobalSection
	GlobalSection(ProjectConfigurationPlatforms) = postSolution
		{8007A146-2801-4926-A5CF-4F0716377445}.Debug|Any CPU.ActiveCfg = Debug|Any CPU
		{8007A146-2801-4926-A5CF-4F0716377445}.Debug|Any CPU.Build.0 = Debug|Any CPU
		{8007A146-2801-4926-A5CF-4F0716377445}.Release|Any CPU.ActiveCfg = Release|Any CPU
		{8007A146-2801-4926-A5CF-4F0716377445}.Release|Any CPU.Build.0 = Release|Any CPU
		{A9BBBF55-E153-4C8B-B0B3-2265DE013F9B}.Debug|Any CPU.ActiveCfg = Debug|Any CPU
		{A9BBBF55-E153-4C8B-B0B3-2265DE013F9B}.Debug|Any CPU.Build.0 = Debug|Any CPU
		{A9BBBF55-E153-4C8B-B0B3-2265DE013F9B}.Release|Any CPU.ActiveCfg = Release|Any CPU
		{A9BBBF55-E153-4C8B-B0B3-2265DE013F9B}.Release|Any CPU.Build.0 = Release|Any CPU
	EndGlobalSection
	GlobalSection(SolutionProperties) = preSolution
		HideSolutionNode = FALSE
	EndGlobalSection
	GlobalSection(ExtensibilityGlobals) = postSolution
		SolutionGuid = {9DE53BC1-B77A-4FB8-8016-1FF9746BD5FF}
	EndGlobalSection
EndGlobal
